
Microsoft Visual Studio Solution File, Format Version 12.00
# Visual Studio 15
VisualStudioVersion = 15.0.28307.572
MinimumVisualStudioVersion = 10.0.40219.1
Project("{FAE04EC0-301F-11D3-BF4B-00C04F79EFBC}") = "Çizim", "Çizim\Çizim.csproj", "{ACA29396-1865-420B-BFFC-D40605D3E4EF}"
EndProject
Global
	GlobalSection(SolutionConfigurationPlatforms) = preSolution
		Debug|Any CPU = Debug|Any CPU
		Release|Any CPU = Release|Any CPU
	EndGlobalSection
	GlobalSection(ProjectConfigurationPlatforms) = postSolution
		{ACA29396-1865-420B-BFFC-D40605D3E4EF}.Debug|Any CPU.ActiveCfg = Debug|Any CPU
		{ACA29396-1865-420B-BFFC-D40605D3E4EF}.Debug|Any CPU.Build.0 = Debug|Any CPU
		{ACA29396-1865-420B-BFFC-D40605D3E4EF}.Release|Any CPU.ActiveCfg = Release|Any CPU
		{ACA29396-1865-420B-BFFC-D40605D3E4EF}.Release|Any CPU.Build.0 = Release|Any CPU
	EndGlobalSection
	GlobalSection(SolutionProperties) = preSolution
		HideSolutionNode = FALSE
	EndGlobalSection
	GlobalSection(ExtensibilityGlobals) = postSolution
		SolutionGuid = {177608A5-CAEF-4092-B4A3-19D9DD894170}
	EndGlobalSection
EndGlobal
